// !$*UTF8*$!
{
	archiveVersion = 1;
	classes = {
	};
	objectVersion = 45;
	objects = {

/* Begin PBXBuildFile section */
		221CBB0C11D7A1CF00577C03 /* InfixExpressionCalculatorTestCase.m in Sources */ = {isa = PBXBuildFile; fileRef = 221CBB0711D7A1CF00577C03 /* InfixExpressionCalculatorTestCase.m */; };
		221CBB0F11D7A1CF00577C03 /* SimpleStack.h in Headers */ = {isa = PBXBuildFile; fileRef = 221CBB0A11D7A1CF00577C03 /* SimpleStack.h */; };
		221CBB1011D7A1CF00577C03 /* SimpleStack.m in Sources */ = {isa = PBXBuildFile; fileRef = 221CBB0B11D7A1CF00577C03 /* SimpleStack.m */; };
		221CBB2611D7A25100577C03 /* SenTestingKit.framework in Frameworks */ = {isa = PBXBuildFile; fileRef = 221CBB2511D7A25100577C03 /* SenTestingKit.framework */; };
		221CBB4311D7A2D400577C03 /* Foundation.framework in Frameworks */ = {isa = PBXBuildFile; fileRef = AACBBE490F95108600F1A2B1 /* Foundation.framework */; };
		221CBB4411D7A2D400577C03 /* SenTestingKit.framework in Frameworks */ = {isa = PBXBuildFile; fileRef = 221CBB2511D7A25100577C03 /* SenTestingKit.framework */; };
		221CBB4511D7A2D500577C03 /* InfixExpressionCalculatorTestCase.m in Sources */ = {isa = PBXBuildFile; fileRef = 221CBB0711D7A1CF00577C03 /* InfixExpressionCalculatorTestCase.m */; };
		221CBB4711D7A2D700577C03 /* SimpleStack.m in Sources */ = {isa = PBXBuildFile; fileRef = 221CBB0B11D7A1CF00577C03 /* SimpleStack.m */; };
		221CBB9311D7B0CA00577C03 /* PostfixCalculator.h in Headers */ = {isa = PBXBuildFile; fileRef = 221CBB9111D7B0CA00577C03 /* PostfixCalculator.h */; };
		221CBB9411D7B0CA00577C03 /* PostfixCalculator.m in Sources */ = {isa = PBXBuildFile; fileRef = 221CBB9211D7B0CA00577C03 /* PostfixCalculator.m */; };
		221CBB9511D7B0CA00577C03 /* PostfixCalculator.m in Sources */ = {isa = PBXBuildFile; fileRef = 221CBB9211D7B0CA00577C03 /* PostfixCalculator.m */; };
		221CBCE511D81D6E00577C03 /* InfixToPostfix.h in Headers */ = {isa = PBXBuildFile; fileRef = 221CBCE311D81D6E00577C03 /* InfixToPostfix.h */; };
		221CBCE611D81D6E00577C03 /* InfixToPostfix.m in Sources */ = {isa = PBXBuildFile; fileRef = 221CBCE411D81D6E00577C03 /* InfixToPostfix.m */; };
		221CBCE711D81D6E00577C03 /* InfixToPostfix.m in Sources */ = {isa = PBXBuildFile; fileRef = 221CBCE411D81D6E00577C03 /* InfixToPostfix.m */; };
		221CBDCD11D941C300577C03 /* InfixCalculator.m in Sources */ = {isa = PBXBuildFile; fileRef = 221CBDCC11D941C300577C03 /* InfixCalculator.m */; };
		221CBDCE11D941C300577C03 /* InfixCalculator.h in Headers */ = {isa = PBXBuildFile; fileRef = 221CBDCB11D941C300577C03 /* InfixCalculator.h */; };
		221CBDCF11D941C300577C03 /* InfixCalculator.m in Sources */ = {isa = PBXBuildFile; fileRef = 221CBDCC11D941C300577C03 /* InfixCalculator.m */; };
		AA747D9F0F9514B9006C5449 /* infix_expression_calculator_Prefix.pch in Headers */ = {isa = PBXBuildFile; fileRef = AA747D9E0F9514B9006C5449 /* infix_expression_calculator_Prefix.pch */; };
		AACBBE4A0F95108600F1A2B1 /* Foundation.framework in Frameworks */ = {isa = PBXBuildFile; fileRef = AACBBE490F95108600F1A2B1 /* Foundation.framework */; };
/* End PBXBuildFile section */

/* Begin PBXFileReference section */
		221CBB0711D7A1CF00577C03 /* InfixExpressionCalculatorTestCase.m */ = {isa = PBXFileReference; fileEncoding = 4; lastKnownFileType = sourcecode.c.objc; name = InfixExpressionCalculatorTestCase.m; path = Classes/InfixExpressionCalculatorTestCase.m; sourceTree = "<group>"; };
		221CBB0A11D7A1CF00577C03 /* SimpleStack.h */ = {isa = PBXFileReference; fileEncoding = 4; lastKnownFileType = sourcecode.c.h; name = SimpleStack.h; path = Classes/SimpleStack.h; sourceTree = "<group>"; };
		221CBB0B11D7A1CF00577C03 /* SimpleStack.m */ = {isa = PBXFileReference; fileEncoding = 4; lastKnownFileType = sourcecode.c.objc; name = SimpleStack.m; path = Classes/SimpleStack.m; sourceTree = "<group>"; };
		221CBB2511D7A25100577C03 /* SenTestingKit.framework */ = {isa = PBXFileReference; lastKnownFileType = wrapper.framework; name = SenTestingKit.framework; path = Library/Frameworks/SenTestingKit.framework; sourceTree = DEVELOPER_DIR; };
		221CBB3211D7A28B00577C03 /* TestBundle.octest */ = {isa = PBXFileReference; explicitFileType = wrapper.cfbundle; includeInIndex = 0; path = TestBundle.octest; sourceTree = BUILT_PRODUCTS_DIR; };
		221CBB3311D7A28B00577C03 /* TestBundle-Info.plist */ = {isa = PBXFileReference; lastKnownFileType = text.plist.xml; path = "TestBundle-Info.plist"; sourceTree = "<group>"; };
		221CBB9111D7B0CA00577C03 /* PostfixCalculator.h */ = {isa = PBXFileReference; fileEncoding = 4; lastKnownFileType = sourcecode.c.h; name = PostfixCalculator.h; path = Classes/PostfixCalculator.h; sourceTree = "<group>"; };
		221CBB9211D7B0CA00577C03 /* PostfixCalculator.m */ = {isa = PBXFileReference; fileEncoding = 4; lastKnownFileType = sourcecode.c.objc; name = PostfixCalculator.m; path = Classes/PostfixCalculator.m; sourceTree = "<group>"; };
		221CBCE311D81D6E00577C03 /* InfixToPostfix.h */ = {isa = PBXFileReference; fileEncoding = 4; lastKnownFileType = sourcecode.c.h; name = InfixToPostfix.h; path = Classes/InfixToPostfix.h; sourceTree = "<group>"; };
		221CBCE411D81D6E00577C03 /* InfixToPostfix.m */ = {isa = PBXFileReference; fileEncoding = 4; lastKnownFileType = sourcecode.c.objc; name = InfixToPostfix.m; path = Classes/InfixToPostfix.m; sourceTree = "<group>"; };
		221CBDCB11D941C300577C03 /* InfixCalculator.h */ = {isa = PBXFileReference; fileEncoding = 4; lastKnownFileType = sourcecode.c.h; name = InfixCalculator.h; path = Classes/InfixCalculator.h; sourceTree = "<group>"; };
		221CBDCC11D941C300577C03 /* InfixCalculator.m */ = {isa = PBXFileReference; fileEncoding = 4; lastKnownFileType = sourcecode.c.objc; name = InfixCalculator.m; path = Classes/InfixCalculator.m; sourceTree = "<group>"; };
		AA747D9E0F9514B9006C5449 /* infix_expression_calculator_Prefix.pch */ = {isa = PBXFileReference; fileEncoding = 4; lastKnownFileType = sourcecode.c.h; path = infix_expression_calculator_Prefix.pch; sourceTree = SOURCE_ROOT; };
		AACBBE490F95108600F1A2B1 /* Foundation.framework */ = {isa = PBXFileReference; lastKnownFileType = wrapper.framework; name = Foundation.framework; path = System/Library/Frameworks/Foundation.framework; sourceTree = SDKROOT; };
		D2AAC07E0554694100DB518D /* libinfix_expression_calculator.a */ = {isa = PBXFileReference; explicitFileType = archive.ar; includeInIndex = 0; path = libinfix_expression_calculator.a; sourceTree = BUILT_PRODUCTS_DIR; };
/* End PBXFileReference section */

/* Begin PBXFrameworksBuildPhase section */
		221CBB2F11D7A28B00577C03 /* Frameworks */ = {
			isa = PBXFrameworksBuildPhase;
			buildActionMask = 2147483647;
			files = (
				221CBB4311D7A2D400577C03 /* Foundation.framework in Frameworks */,
				221CBB4411D7A2D400577C03 /* SenTestingKit.framework in Frameworks */,
			);
			runOnlyForDeploymentPostprocessing = 0;
		};
		D2AAC07C0554694100DB518D /* Frameworks */ = {
			isa = PBXFrameworksBuildPhase;
			buildActionMask = 2147483647;
			files = (
				AACBBE4A0F95108600F1A2B1 /* Foundation.framework in Frameworks */,
				221CBB2611D7A25100577C03 /* SenTestingKit.framework in Frameworks */,
			);
			runOnlyForDeploymentPostprocessing = 0;
		};
/* End PBXFrameworksBuildPhase section */

/* Begin PBXGroup section */
		034768DFFF38A50411DB9C8B /* Products */ = {
			isa = PBXGroup;
			children = (
				D2AAC07E0554694100DB518D /* libinfix_expression_calculator.a */,
				221CBB3211D7A28B00577C03 /* TestBundle.octest */,
			);
			name = Products;
			sourceTree = "<group>";
		};
		0867D691FE84028FC02AAC07 /* infix-expression-calculator */ = {
			isa = PBXGroup;
			children = (
				08FB77AEFE84172EC02AAC07 /* Classes */,
				32C88DFF0371C24200C91783 /* Other Sources */,
				0867D69AFE84028FC02AAC07 /* Frameworks */,
				034768DFFF38A50411DB9C8B /* Products */,
				221CBB3311D7A28B00577C03 /* TestBundle-Info.plist */,
			);
			name = "infix-expression-calculator";
			sourceTree = "<group>";
		};
		0867D69AFE84028FC02AAC07 /* Frameworks */ = {
			isa = PBXGroup;
			children = (
				AACBBE490F95108600F1A2B1 /* Foundation.framework */,
				221CBB2511D7A25100577C03 /* SenTestingKit.framework */,
			);
			name = Frameworks;
			sourceTree = "<group>";
		};
		08FB77AEFE84172EC02AAC07 /* Classes */ = {
			isa = PBXGroup;
			children = (
				221CBDCB11D941C300577C03 /* InfixCalculator.h */,
				221CBDCC11D941C300577C03 /* InfixCalculator.m */,
				221CBCE311D81D6E00577C03 /* InfixToPostfix.h */,
				221CBCE411D81D6E00577C03 /* InfixToPostfix.m */,
				221CBB9111D7B0CA00577C03 /* PostfixCalculator.h */,
				221CBB9211D7B0CA00577C03 /* PostfixCalculator.m */,
				221CBB0711D7A1CF00577C03 /* InfixExpressionCalculatorTestCase.m */,
				221CBB0A11D7A1CF00577C03 /* SimpleStack.h */,
				221CBB0B11D7A1CF00577C03 /* SimpleStack.m */,
			);
			name = Classes;
			sourceTree = "<group>";
		};
		32C88DFF0371C24200C91783 /* Other Sources */ = {
			isa = PBXGroup;
			children = (
				AA747D9E0F9514B9006C5449 /* infix_expression_calculator_Prefix.pch */,
			);
			name = "Other Sources";
			sourceTree = "<group>";
		};
/* End PBXGroup section */

/* Begin PBXHeadersBuildPhase section */
		D2AAC07A0554694100DB518D /* Headers */ = {
			isa = PBXHeadersBuildPhase;
			buildActionMask = 2147483647;
			files = (
				AA747D9F0F9514B9006C5449 /* infix_expression_calculator_Prefix.pch in Headers */,
				221CBB0F11D7A1CF00577C03 /* SimpleStack.h in Headers */,
				221CBB9311D7B0CA00577C03 /* PostfixCalculator.h in Headers */,
				221CBCE511D81D6E00577C03 /* InfixToPostfix.h in Headers */,
				221CBDCE11D941C300577C03 /* InfixCalculator.h in Headers */,
			);
			runOnlyForDeploymentPostprocessing = 0;
		};
/* End PBXHeadersBuildPhase section */

/* Begin PBXNativeTarget section */
		221CBB3111D7A28B00577C03 /* TestBundle */ = {
			isa = PBXNativeTarget;
			buildConfigurationList = 221CBB3611D7A28C00577C03 /* Build configuration list for PBXNativeTarget "TestBundle" */;
			buildPhases = (
				221CBB2D11D7A28B00577C03 /* Resources */,
				221CBB2E11D7A28B00577C03 /* Sources */,
				221CBB2F11D7A28B00577C03 /* Frameworks */,
				221CBB3011D7A28B00577C03 /* ShellScript */,
			);
			buildRules = (
			);
			dependencies = (
			);
			name = TestBundle;
			productName = TestBundle;
			productReference = 221CBB3211D7A28B00577C03 /* TestBundle.octest */;
			productType = "com.apple.product-type.bundle";
		};
		D2AAC07D0554694100DB518D /* infix-expression-calculator */ = {
			isa = PBXNativeTarget;
			buildConfigurationList = 1DEB921E08733DC00010E9CD /* Build configuration list for PBXNativeTarget "infix-expression-calculator" */;
			buildPhases = (
				D2AAC07A0554694100DB518D /* Headers */,
				D2AAC07B0554694100DB518D /* Sources */,
				D2AAC07C0554694100DB518D /* Frameworks */,
			);
			buildRules = (
			);
			dependencies = (
			);
			name = "infix-expression-calculator";
			productName = "infix-expression-calculator";
			productReference = D2AAC07E0554694100DB518D /* libinfix_expression_calculator.a */;
			productType = "com.apple.product-type.library.static";
		};
/* End PBXNativeTarget section */

/* Begin PBXProject section */
		0867D690FE84028FC02AAC07 /* Project object */ = {
			isa = PBXProject;
			buildConfigurationList = 1DEB922208733DC00010E9CD /* Build configuration list for PBXProject "infix-expression-calculator" */;
			compatibilityVersion = "Xcode 3.1";
			hasScannedForEncodings = 1;
			mainGroup = 0867D691FE84028FC02AAC07 /* infix-expression-calculator */;
			productRefGroup = 034768DFFF38A50411DB9C8B /* Products */;
			projectDirPath = "";
			projectRoot = "";
			targets = (
				D2AAC07D0554694100DB518D /* infix-expression-calculator */,
				221CBB3111D7A28B00577C03 /* TestBundle */,
			);
		};
/* End PBXProject section */

/* Begin PBXResourcesBuildPhase section */
		221CBB2D11D7A28B00577C03 /* Resources */ = {
			isa = PBXResourcesBuildPhase;
			buildActionMask = 2147483647;
			files = (
			);
			runOnlyForDeploymentPostprocessing = 0;
		};
/* End PBXResourcesBuildPhase section */

/* Begin PBXShellScriptBuildPhase section */
		221CBB3011D7A28B00577C03 /* ShellScript */ = {
			isa = PBXShellScriptBuildPhase;
			buildActionMask = 2147483647;
			files = (
			);
			inputPaths = (
			);
			outputPaths = (
			);
			runOnlyForDeploymentPostprocessing = 0;
			shellPath = /bin/sh;
			shellScript = "# Run the unit tests in this test bundle.\n\"${SYSTEM_DEVELOPER_DIR}/Tools/RunUnitTests\"\n";
		};
/* End PBXShellScriptBuildPhase section */

/* Begin PBXSourcesBuildPhase section */
		221CBB2E11D7A28B00577C03 /* Sources */ = {
			isa = PBXSourcesBuildPhase;
			buildActionMask = 2147483647;
			files = (
				221CBB4511D7A2D500577C03 /* InfixExpressionCalculatorTestCase.m in Sources */,
				221CBB4711D7A2D700577C03 /* SimpleStack.m in Sources */,
				221CBB9511D7B0CA00577C03 /* PostfixCalculator.m in Sources */,
				221CBCE711D81D6E00577C03 /* InfixToPostfix.m in Sources */,
				221CBDCD11D941C300577C03 /* InfixCalculator.m in Sources */,
			);
			runOnlyForDeploymentPostprocessing = 0;
		};
		D2AAC07B0554694100DB518D /* Sources */ = {
			isa = PBXSourcesBuildPhase;
			buildActionMask = 2147483647;
			files = (
				221CBB0C11D7A1CF00577C03 /* InfixExpressionCalculatorTestCase.m in Sources */,
				221CBB1011D7A1CF00577C03 /* SimpleStack.m in Sources */,
				221CBB9411D7B0CA00577C03 /* PostfixCalculator.m in Sources */,
				221CBCE611D81D6E00577C03 /* InfixToPostfix.m in Sources */,
				221CBDCF11D941C300577C03 /* InfixCalculator.m in Sources */,
			);
			runOnlyForDeploymentPostprocessing = 0;
		};
/* End PBXSourcesBuildPhase section */

/* Begin XCBuildConfiguration section */
		1DEB921F08733DC00010E9CD /* Debug */ = {
			isa = XCBuildConfiguration;
			buildSettings = {
				ALWAYS_SEARCH_USER_PATHS = NO;
				ARCHS = "$(ARCHS_STANDARD_32_BIT)";
				COPY_PHASE_STRIP = NO;
				DSTROOT = /tmp/infix_expression_calculator.dst;
				FRAMEWORK_SEARCH_PATHS = (
					"$(inherited)",
					"\"$(DEVELOPER_FRAMEWORKS_DIR)\"",
				);
				GCC_DYNAMIC_NO_PIC = NO;
				GCC_ENABLE_FIX_AND_CONTINUE = YES;
				GCC_MODEL_TUNING = G5;
				GCC_OPTIMIZATION_LEVEL = 0;
				GCC_PRECOMPILE_PREFIX_HEADER = YES;
				GCC_PREFIX_HEADER = infix_expression_calculator_Prefix.pch;
				INSTALL_PATH = /usr/local/lib;
				PRODUCT_NAME = infix_expression_calculator;
			};
			name = Debug;
		};
		1DEB922008733DC00010E9CD /* Release */ = {
			isa = XCBuildConfiguration;
			buildSettings = {
				ALWAYS_SEARCH_USER_PATHS = NO;
				ARCHS = "$(ARCHS_STANDARD_32_BIT)";
				DSTROOT = /tmp/infix_expression_calculator.dst;
				FRAMEWORK_SEARCH_PATHS = (
					"$(inherited)",
					"\"$(DEVELOPER_FRAMEWORKS_DIR)\"",
				);
				GCC_MODEL_TUNING = G5;
				GCC_PRECOMPILE_PREFIX_HEADER = YES;
				GCC_PREFIX_HEADER = infix_expression_calculator_Prefix.pch;
				INSTALL_PATH = /usr/local/lib;
				PRODUCT_NAME = infix_expression_calculator;
			};
			name = Release;
		};
		1DEB922308733DC00010E9CD /* Debug */ = {
			isa = XCBuildConfiguration;
			buildSettings = {
				ARCHS = "$(ARCHS_STANDARD_32_BIT)";
				GCC_C_LANGUAGE_STANDARD = c99;
				GCC_OPTIMIZATION_LEVEL = 0;
				GCC_WARN_ABOUT_RETURN_TYPE = YES;
				GCC_WARN_UNUSED_VARIABLE = YES;
				OTHER_LDFLAGS = "-ObjC";
				PREBINDING = NO;
				SDKROOT = iphoneos3.2;
			};
			name = Debug;
		};
		1DEB922408733DC00010E9CD /* Release */ = {
			isa = XCBuildConfiguration;
			buildSettings = {
				ARCHS = "$(ARCHS_STANDARD_32_BIT)";
				GCC_C_LANGUAGE_STANDARD = c99;
				GCC_WARN_ABOUT_RETURN_TYPE = YES;
				GCC_WARN_UNUSED_VARIABLE = YES;
				OTHER_LDFLAGS = "-ObjC";
				PREBINDING = NO;
				SDKROOT = iphoneos3.2;
			};
			name = Release;
		};
		221CBB3411D7A28B00577C03 /* Debug */ = {
			isa = XCBuildConfiguration;
			buildSettings = {
				ALWAYS_SEARCH_USER_PATHS = NO;
				"CODE_SIGN_IDENTITY[sdk=iphoneos*]" = "";
				COPY_PHASE_STRIP = NO;
				FRAMEWORK_SEARCH_PATHS = (
					"\"$(SDKROOT)/Developer/Library/Frameworks\"",
					"\"$(DEVELOPER_LIBRARY_DIR)/Frameworks\"",
				);
				GCC_DYNAMIC_NO_PIC = NO;
				GCC_ENABLE_FIX_AND_CONTINUE = NO;
				GCC_ENABLE_OBJC_EXCEPTIONS = YES;
				GCC_OPTIMIZATION_LEVEL = 0;
				INFOPLIST_FILE = "TestBundle-Info.plist";
				OTHER_LDFLAGS = (
					"-framework",
					Foundation,
					"-framework",
					SenTestingKit,
					"-framework",
					UIKit,
				);
				PREBINDING = NO;
				PRODUCT_NAME = TestBundle;
				WRAPPER_EXTENSION = octest;
			};
			name = Debug;
		};
		221CBB3511D7A28B00577C03 /* Release */ = {
			isa = XCBuildConfiguration;
			buildSettings = {
				ALWAYS_SEARCH_USER_PATHS = NO;
				"CODE_SIGN_IDENTITY[sdk=iphoneos*]" = "";
				COPY_PHASE_STRIP = YES;
				DEBUG_INFORMATION_FORMAT = "dwarf-with-dsym";
				FRAMEWORK_SEARCH_PATHS = (
					"\"$(SDKROOT)/Developer/Library/Frameworks\"",
					"\"$(DEVELOPER_LIBRARY_DIR)/Frameworks\"",
				);
				GCC_ENABLE_FIX_AND_CONTINUE = NO;
				GCC_ENABLE_OBJC_EXCEPTIONS = YES;
				INFOPLIST_FILE = "TestBundle-Info.plist";
				OTHER_LDFLAGS = (
					"-framework",
					Foundation,
					"-framework",
					SenTestingKit,
					"-framework",
					UIKit,
				);
				PREBINDING = NO;
				PRODUCT_NAME = TestBundle;
				WRAPPER_EXTENSION = octest;
				ZERO_LINK = NO;
			};
			name = Release;
		};
/* End XCBuildConfiguration section */

/* Begin XCConfigurationList section */
		1DEB921E08733DC00010E9CD /* Build configuration list for PBXNativeTarget "infix-expression-calculator" */ = {
			isa = XCConfigurationList;
			buildConfigurations = (
				1DEB921F08733DC00010E9CD /* Debug */,
				1DEB922008733DC00010E9CD /* Release */,
			);
			defaultConfigurationIsVisible = 0;
			defaultConfigurationName = Release;
		};
		1DEB922208733DC00010E9CD /* Build configuration list for PBXProject "infix-expression-calculator" */ = {
			isa = XCConfigurationList;
			buildConfigurations = (
				1DEB922308733DC00010E9CD /* Debug */,
				1DEB922408733DC00010E9CD /* Release */,
			);
			defaultConfigurationIsVisible = 0;
			defaultConfigurationName = Release;
		};
		221CBB3611D7A28C00577C03 /* Build configuration list for PBXNativeTarget "TestBundle" */ = {
			isa = XCConfigurationList;
			buildConfigurations = (
				221CBB3411D7A28B00577C03 /* Debug */,
				221CBB3511D7A28B00577C03 /* Release */,
			);
			defaultConfigurationIsVisible = 0;
			defaultConfigurationName = Release;
		};
/* End XCConfigurationList section */
	};
	rootObject = 0867D690FE84028FC02AAC07 /* Project object */;
}
